{
  "name": "ajs-node",
  "version": "1.0.0",
  "lockfileVersion": 3,
  "requires": true,
  "packages": {
    "": {
      "name": "ajs-node",
      "version": "1.0.0",
      "license": "ISC",
      "dependencies": {
        "@vladislavkost/ajs": "^1.0.0"
      }
    },
    "node_modules/@vladislavkost/ajs": {
      "version": "1.0.0",
      "resolved": "https://npm.pkg.github.com/download/@vladislavkost/ajs/1.0.0/0ff3c888892fd307f9580cf28b9a76389a7ff2c0",
      "integrity": "sha512-5Uc9nNE8ZajwlbFCsG4xftitnqOzSPaQQQBn13CRp6U43glIl9pP8SCYpdmL5C+LkitXizsC6lM8TwHSgUGyyg==",
      "license": "ISC"
    }
  }
}
